
Microsoft Visual Studio Solution File, Format Version 12.00
# Visual Studio Version 17
VisualStudioVersion = 17.6.33723.286
MinimumVisualStudioVersion = 10.0.40219.1
Project("{FAE04EC0-301F-11D3-BF4B-00C04F79EFBC}") = "project", "project\project.csproj", "{C993F52A-DB23-41A1-A000-0488BAAF33EC}"
EndProject
Global
	GlobalSection(SolutionConfigurationPlatforms) = preSolution
		Debug|Any CPU = Debug|Any CPU
		Release|Any CPU = Release|Any CPU
	EndGlobalSection
	GlobalSection(ProjectConfigurationPlatforms) = postSolution
		{C993F52A-DB23-41A1-A000-0488BAAF33EC}.Debug|Any CPU.ActiveCfg = Debug|Any CPU
		{C993F52A-DB23-41A1-A000-0488BAAF33EC}.Debug|Any CPU.Build.0 = Debug|Any CPU
		{C993F52A-DB23-41A1-A000-0488BAAF33EC}.Release|Any CPU.ActiveCfg = Release|Any CPU
		{C993F52A-DB23-41A1-A000-0488BAAF33EC}.Release|Any CPU.Build.0 = Release|Any CPU
	EndGlobalSection
	GlobalSection(SolutionProperties) = preSolution
		HideSolutionNode = FALSE
	EndGlobalSection
	GlobalSection(ExtensibilityGlobals) = postSolution
		SolutionGuid = {513182BB-1EB1-4C3D-AED2-B56BCBEB7B06}
	EndGlobalSection
EndGlobal
